
Microsoft Visual Studio Solution File, Format Version 12.00
# Visual Studio 15
VisualStudioVersion = 15.0.28307.779
MinimumVisualStudioVersion = 10.0.40219.1
Project("{FAE04EC0-301F-11D3-BF4B-00C04F79EFBC}") = "testingApp", "testingApp\testingApp.csproj", "{C8E652F9-5BAA-4C33-9C92-A4CE64B95664}"
EndProject
Global
	GlobalSection(SolutionConfigurationPlatforms) = preSolution
		Debug|Any CPU = Debug|Any CPU
		Release|Any CPU = Release|Any CPU
	EndGlobalSection
	GlobalSection(ProjectConfigurationPlatforms) = postSolution
		{C8E652F9-5BAA-4C33-9C92-A4CE64B95664}.Debug|Any CPU.ActiveCfg = Debug|Any CPU
		{C8E652F9-5BAA-4C33-9C92-A4CE64B95664}.Debug|Any CPU.Build.0 = Debug|Any CPU
		{C8E652F9-5BAA-4C33-9C92-A4CE64B95664}.Release|Any CPU.ActiveCfg = Release|Any CPU
		{C8E652F9-5BAA-4C33-9C92-A4CE64B95664}.Release|Any CPU.Build.0 = Release|Any CPU
	EndGlobalSection
	GlobalSection(SolutionProperties) = preSolution
		HideSolutionNode = FALSE
	EndGlobalSection
	GlobalSection(ExtensibilityGlobals) = postSolution
		SolutionGuid = {743C4D5C-FBCC-4F78-A3E7-85F73D9F381C}
	EndGlobalSection
EndGlobal
